
Microsoft Visual Studio Solution File, Format Version 12.00
# Visual Studio Version 16
VisualStudioVersion = 16.0.32802.440
MinimumVisualStudioVersion = 10.0.40219.1
Project("{9A19103F-16F7-4668-BE54-9A1E7A4F7556}") = "APPR6312_POE_Final", "APPR6312_POE_Final.csproj", "{CEEFD00B-666B-4CFE-BB6E-BCAE1B7F76C6}"
EndProject
Project("{9A19103F-16F7-4668-BE54-9A1E7A4F7556}") = "UnitTests", "..\UnitTests\UnitTests.csproj", "{1322C4B5-EEC0-40D3-B061-2D64AA662890}"
EndProject
Global
	GlobalSection(SolutionConfigurationPlatforms) = preSolution
		Debug|Any CPU = Debug|Any CPU
		Release|Any CPU = Release|Any CPU
	EndGlobalSection
	GlobalSection(ProjectConfigurationPlatforms) = postSolution
		{CEEFD00B-666B-4CFE-BB6E-BCAE1B7F76C6}.Debug|Any CPU.ActiveCfg = Debug|Any CPU
		{CEEFD00B-666B-4CFE-BB6E-BCAE1B7F76C6}.Debug|Any CPU.Build.0 = Debug|Any CPU
		{CEEFD00B-666B-4CFE-BB6E-BCAE1B7F76C6}.Release|Any CPU.ActiveCfg = Release|Any CPU
		{CEEFD00B-666B-4CFE-BB6E-BCAE1B7F76C6}.Release|Any CPU.Build.0 = Release|Any CPU
		{1322C4B5-EEC0-40D3-B061-2D64AA662890}.Debug|Any CPU.ActiveCfg = Debug|Any CPU
		{1322C4B5-EEC0-40D3-B061-2D64AA662890}.Debug|Any CPU.Build.0 = Debug|Any CPU
		{1322C4B5-EEC0-40D3-B061-2D64AA662890}.Release|Any CPU.ActiveCfg = Release|Any CPU
		{1322C4B5-EEC0-40D3-B061-2D64AA662890}.Release|Any CPU.Build.0 = Release|Any CPU
	EndGlobalSection
	GlobalSection(SolutionProperties) = preSolution
		HideSolutionNode = FALSE
	EndGlobalSection
	GlobalSection(ExtensibilityGlobals) = postSolution
		SolutionGuid = {9C73D746-6818-4F29-A6A5-A0CEDBC6995E}
	EndGlobalSection
EndGlobal
